<?xml version="1.0" encoding="utf-8"?>
<Project ToolsVersion="4.0" xmlns="http://schemas.microsoft.com/developer/msbuild/2003">
  <ItemGroup>
    <Filter Include="Исходные файлы">
      <UniqueIdentifier>{4FC737F1-C7A5-4376-A066-2A32D752A2FF}</UniqueIdentifier>
      <Extensions>cpp;c;cc;cxx;c++;cppm;ixx;def;odl;idl;hpj;bat;asm;asmx</Extensions>
    </Filter>
    <Filter Include="Файлы заголовков">
      <UniqueIdentifier>{93995380-89BD-4b04-88EB-625FBE52EBFB}</UniqueIdentifier>
      <Extensions>h;hh;hpp;hxx;h++;hm;inl;inc;ipp;xsd</Extensions>
    </Filter>
    <Filter Include="Файлы ресурсов">
      <UniqueIdentifier>{67DA6AB6-F800-4c08-8B7A-83BB121AAD01}</UniqueIdentifier>
      <Extensions>rc;ico;cur;bmp;dlg;rc2;rct;bin;rgs;gif;jpg;jpeg;jpe;resx;tiff;tif;png;wav;mfcribbon-ms</Extensions>
    </Filter>
    <Filter Include="Исходные файлы\io">
      <UniqueIdentifier>{292135de-b4ff-4be6-8d80-c1809f1a7576}</UniqueIdentifier>
    </Filter>
    <Filter Include="Файлы">
      <UniqueIdentifier>{a8d991ac-3654-4dac-b9bf-1c7e7846d172}</UniqueIdentifier>
    </Filter>
    <Filter Include="Исходные файлы\math">
      <UniqueIdentifier>{328d25e2-e93b-44c2-a380-492ee8e229a7}</UniqueIdentifier>
    </Filter>
    <Filter Include="Исходные файлы\tracking">
      <UniqueIdentifier>{8a4ed5e0-85ac-42dd-abfb-af9abe3d4b7f}</UniqueIdentifier>
    </Filter>
  </ItemGroup>
  <ItemGroup>
    <ClInclude Include="..\mcml.hpp">
      <Filter>Файлы заголовков</Filter>
    </ClInclude>
    <ClInclude Include="..\io\io.hpp">
      <Filter>Исходные файлы\io</Filter>
    </ClInclude>
    <ClInclude Include="..\mcmlnr.hpp">
      <Filter>Файлы</Filter>
    </ClInclude>
    <ClInclude Include="..\math\math.h">
      <Filter>Исходные файлы\math</Filter>
    </ClInclude>
    <ClInclude Include="..\math\mcmlrandom.h">
      <Filter>Исходные файлы\math</Filter>
    </ClInclude>
    <ClInclude Include="tracker.h">
      <Filter>Исходные файлы\tracking</Filter>
    </ClInclude>
  </ItemGroup>
  <ItemGroup>
    <ClCompile Include="..\mcmlio.cpp">
      <Filter>Исходные файлы</Filter>
    </ClCompile>
    <ClCompile Include="..\mcmlmain.cpp">
      <Filter>Исходные файлы</Filter>
    </ClCompile>
    <ClCompile Include="..\io\io.cpp">
      <Filter>Исходные файлы\io</Filter>
    </ClCompile>
    <ClCompile Include="..\mcmlnr.cpp">
      <Filter>Файлы</Filter>
    </ClCompile>
    <ClCompile Include="..\math\math.cpp">
      <Filter>Исходные файлы\math</Filter>
    </ClCompile>
    <ClCompile Include="..\math\mcmlrandom.cpp">
      <Filter>Исходные файлы\math</Filter>
    </ClCompile>
  </ItemGroup>
</Project>