
Microsoft Visual Studio Solution File, Format Version 12.00
# Visual Studio Version 17
VisualStudioVersion = 17.0.31919.166
MinimumVisualStudioVersion = 10.0.40219.1
Project("{8BC9CEB8-8B4A-11D0-8D11-00A0C91BC942}") = "mcml", "mcml.vcxproj", "{FA5A6617-9AC9-44E8-BE7A-5FEE71298C3F}"
EndProject
Global
	GlobalSection(SolutionConfigurationPlatforms) = preSolution
		Debug|x64 = Debug|x64
		Debug|x86 = Debug|x86
		Release|x64 = Release|x64
		Release|x86 = Release|x86
	EndGlobalSection
	GlobalSection(ProjectConfigurationPlatforms) = postSolution
		{FA5A6617-9AC9-44E8-BE7A-5FEE71298C3F}.Debug|x64.ActiveCfg = Debug|x64
		{FA5A6617-9AC9-44E8-BE7A-5FEE71298C3F}.Debug|x64.Build.0 = Debug|x64
		{FA5A6617-9AC9-44E8-BE7A-5FEE71298C3F}.Debug|x86.ActiveCfg = Debug|Win32
		{FA5A6617-9AC9-44E8-BE7A-5FEE71298C3F}.Debug|x86.Build.0 = Debug|Win32
		{FA5A6617-9AC9-44E8-BE7A-5FEE71298C3F}.Release|x64.ActiveCfg = Release|x64
		{FA5A6617-9AC9-44E8-BE7A-5FEE71298C3F}.Release|x64.Build.0 = Release|x64
		{FA5A6617-9AC9-44E8-BE7A-5FEE71298C3F}.Release|x86.ActiveCfg = Release|Win32
		{FA5A6617-9AC9-44E8-BE7A-5FEE71298C3F}.Release|x86.Build.0 = Release|Win32
	EndGlobalSection
	GlobalSection(SolutionProperties) = preSolution
		HideSolutionNode = FALSE
	EndGlobalSection
	GlobalSection(ExtensibilityGlobals) = postSolution
		SolutionGuid = {5059AE94-5524-4751-9335-F223B0E83654}
	EndGlobalSection
EndGlobal
